<?xml version="1.0" encoding="UTF-8"?>
<CodeBlocks_project_file>
	<FileVersion major="1" minor="6"/>
	<Project>
		<Option title="lightpad"/>
		<Option makefile_is_custom="1"/>
		<Option compiler="gcc"/>
		<Option virtualFolders="CMake Files\;CMake Files\CMakeModules\;"/>
		<Build>
			<Target title="all">
				<Option working_dir="E:/My Documents/GitHub/lightpad"/>
				<Option type="4"/>
				<MakeCommands>
					<Build command="C:/MinGW/bin/mingw32-make.exe -f &quot;E:/My Documents/GitHub/lightpad/Makefile&quot;  VERBOSE=1 all"/>
					<CompileFile command="C:/MinGW/bin/mingw32-make.exe -f &quot;E:/My Documents/GitHub/lightpad/Makefile&quot;  VERBOSE=1 &quot;$file&quot;"/>
					<Clean command="C:/MinGW/bin/mingw32-make.exe -f &quot;E:/My Documents/GitHub/lightpad/Makefile&quot;  VERBOSE=1 clean"/>
					<DistClean command="C:/MinGW/bin/mingw32-make.exe -f &quot;E:/My Documents/GitHub/lightpad/Makefile&quot;  VERBOSE=1 clean"/>
				</MakeCommands>
			</Target>
			<Target title="oclint">
				<Option working_dir="E:/My Documents/GitHub/lightpad"/>
				<Option type="4"/>
				<MakeCommands>
					<Build command="C:/MinGW/bin/mingw32-make.exe -f &quot;E:/My Documents/GitHub/lightpad/Makefile&quot;  VERBOSE=1 oclint"/>
					<CompileFile command="C:/MinGW/bin/mingw32-make.exe -f &quot;E:/My Documents/GitHub/lightpad/Makefile&quot;  VERBOSE=1 &quot;$file&quot;"/>
					<Clean command="C:/MinGW/bin/mingw32-make.exe -f &quot;E:/My Documents/GitHub/lightpad/Makefile&quot;  VERBOSE=1 clean"/>
					<DistClean command="C:/MinGW/bin/mingw32-make.exe -f &quot;E:/My Documents/GitHub/lightpad/Makefile&quot;  VERBOSE=1 clean"/>
				</MakeCommands>
			</Target>
			<Target title="lightpad">
				<Option output="E:/My Documents/GitHub/lightpad/bin/lightpad.exe" prefix_auto="0" extension_auto="0"/>
				<Option working_dir="E:/My Documents/GitHub/lightpad/bin"/>
				<Option object_output="./"/>
				<Option type="1"/>
				<Option compiler="gcc"/>
				<Compiler>
					<Add option="-D__NO_INLINE__"/>
					<Add option="-DWXUSINGDLL"/>
					<Add option="-DUNICODE"/>
					<Add option="-D_UNICODE"/>
					<Add option="-DLIB_GRAPHICSMAGICK"/>
					<Add directory="E:/My Documents/GitHub/lightpad"/>
					<Add directory="E:/My Documents/GitHub/lightpad/include"/>
					<Add directory="C:/wxWidgets-3.1.0/lib/gcc_dll/mswu"/>
					<Add directory="C:/wxWidgets-3.1.0/include"/>
					<Add directory="E:/Program Files/GraphicsMagick-1.3.25-Q16"/>
					<Add directory="E:/Program Files/GraphicsMagick-1.3.25-Q16/Magick++/lib"/>
					<Add directory="E:/My Documents/GitHub/lightpad/include/rtmidi"/>
					<Add directory="E:/My Documents/GitHub/lightpad/include/midifile"/>
					<Add directory="c:\mingw\bin\../lib/gcc/mingw32/4.9.3/include"/>
					<Add directory="c:\mingw\bin\../lib/gcc/mingw32/4.9.3/../../../../include"/>
					<Add directory="c:\mingw\bin\../lib/gcc/mingw32/4.9.3/include-fixed"/>
					<Add directory="c:\mingw\bin\../lib/gcc/mingw32/4.9.3/../../../../mingw32/include"/>
					<Add directory="c:\mingw\bin\../lib/gcc/mingw32/4.9.3/include/c++"/>
					<Add directory="c:\mingw\bin\../lib/gcc/mingw32/4.9.3/include/c++/mingw32"/>
					<Add directory="c:\mingw\bin\../lib/gcc/mingw32/4.9.3/include/c++/backward"/>
				</Compiler>
				<MakeCommands>
					<Build command="C:/MinGW/bin/mingw32-make.exe -f &quot;E:/My Documents/GitHub/lightpad/Makefile&quot;  VERBOSE=1 lightpad"/>
					<CompileFile command="C:/MinGW/bin/mingw32-make.exe -f &quot;E:/My Documents/GitHub/lightpad/Makefile&quot;  VERBOSE=1 &quot;$file&quot;"/>
					<Clean command="C:/MinGW/bin/mingw32-make.exe -f &quot;E:/My Documents/GitHub/lightpad/Makefile&quot;  VERBOSE=1 clean"/>
					<DistClean command="C:/MinGW/bin/mingw32-make.exe -f &quot;E:/My Documents/GitHub/lightpad/Makefile&quot;  VERBOSE=1 clean"/>
				</MakeCommands>
			</Target>
			<Target title="lightpad/fast">
				<Option output="E:/My Documents/GitHub/lightpad/bin/lightpad.exe" prefix_auto="0" extension_auto="0"/>
				<Option working_dir="E:/My Documents/GitHub/lightpad/bin"/>
				<Option object_output="./"/>
				<Option type="1"/>
				<Option compiler="gcc"/>
				<Compiler>
					<Add option="-D__NO_INLINE__"/>
					<Add option="-DWXUSINGDLL"/>
					<Add option="-DUNICODE"/>
					<Add option="-D_UNICODE"/>
					<Add option="-DLIB_GRAPHICSMAGICK"/>
					<Add directory="E:/My Documents/GitHub/lightpad"/>
					<Add directory="E:/My Documents/GitHub/lightpad/include"/>
					<Add directory="C:/wxWidgets-3.1.0/lib/gcc_dll/mswu"/>
					<Add directory="C:/wxWidgets-3.1.0/include"/>
					<Add directory="E:/Program Files/GraphicsMagick-1.3.25-Q16"/>
					<Add directory="E:/Program Files/GraphicsMagick-1.3.25-Q16/Magick++/lib"/>
					<Add directory="E:/My Documents/GitHub/lightpad/include/rtmidi"/>
					<Add directory="E:/My Documents/GitHub/lightpad/include/midifile"/>
					<Add directory="c:\mingw\bin\../lib/gcc/mingw32/4.9.3/include"/>
					<Add directory="c:\mingw\bin\../lib/gcc/mingw32/4.9.3/../../../../include"/>
					<Add directory="c:\mingw\bin\../lib/gcc/mingw32/4.9.3/include-fixed"/>
					<Add directory="c:\mingw\bin\../lib/gcc/mingw32/4.9.3/../../../../mingw32/include"/>
					<Add directory="c:\mingw\bin\../lib/gcc/mingw32/4.9.3/include/c++"/>
					<Add directory="c:\mingw\bin\../lib/gcc/mingw32/4.9.3/include/c++/mingw32"/>
					<Add directory="c:\mingw\bin\../lib/gcc/mingw32/4.9.3/include/c++/backward"/>
				</Compiler>
				<MakeCommands>
					<Build command="C:/MinGW/bin/mingw32-make.exe -f &quot;E:/My Documents/GitHub/lightpad/Makefile&quot;  VERBOSE=1 lightpad/fast"/>
					<CompileFile command="C:/MinGW/bin/mingw32-make.exe -f &quot;E:/My Documents/GitHub/lightpad/Makefile&quot;  VERBOSE=1 &quot;$file&quot;"/>
					<Clean command="C:/MinGW/bin/mingw32-make.exe -f &quot;E:/My Documents/GitHub/lightpad/Makefile&quot;  VERBOSE=1 clean"/>
					<DistClean command="C:/MinGW/bin/mingw32-make.exe -f &quot;E:/My Documents/GitHub/lightpad/Makefile&quot;  VERBOSE=1 clean"/>
				</MakeCommands>
			</Target>
			<Target title="midiout">
				<Option output="E:/My Documents/GitHub/lightpad/bin/midiout.exe" prefix_auto="0" extension_auto="0"/>
				<Option working_dir="E:/My Documents/GitHub/lightpad/bin"/>
				<Option object_output="./"/>
				<Option type="1"/>
				<Option compiler="gcc"/>
				<Compiler>
					<Add option="-D__NO_INLINE__"/>
					<Add option="-DWXUSINGDLL"/>
					<Add option="-DUNICODE"/>
					<Add option="-D_UNICODE"/>
					<Add option="-DLIB_GRAPHICSMAGICK"/>
					<Add directory="E:/My Documents/GitHub/lightpad"/>
					<Add directory="E:/My Documents/GitHub/lightpad/include"/>
					<Add directory="C:/wxWidgets-3.1.0/lib/gcc_dll/mswu"/>
					<Add directory="C:/wxWidgets-3.1.0/include"/>
					<Add directory="E:/Program Files/GraphicsMagick-1.3.25-Q16"/>
					<Add directory="E:/Program Files/GraphicsMagick-1.3.25-Q16/Magick++/lib"/>
					<Add directory="E:/My Documents/GitHub/lightpad/include/rtmidi"/>
					<Add directory="E:/My Documents/GitHub/lightpad/include/midifile"/>
					<Add directory="c:\mingw\bin\../lib/gcc/mingw32/4.9.3/include"/>
					<Add directory="c:\mingw\bin\../lib/gcc/mingw32/4.9.3/../../../../include"/>
					<Add directory="c:\mingw\bin\../lib/gcc/mingw32/4.9.3/include-fixed"/>
					<Add directory="c:\mingw\bin\../lib/gcc/mingw32/4.9.3/../../../../mingw32/include"/>
					<Add directory="c:\mingw\bin\../lib/gcc/mingw32/4.9.3/include/c++"/>
					<Add directory="c:\mingw\bin\../lib/gcc/mingw32/4.9.3/include/c++/mingw32"/>
					<Add directory="c:\mingw\bin\../lib/gcc/mingw32/4.9.3/include/c++/backward"/>
				</Compiler>
				<MakeCommands>
					<Build command="C:/MinGW/bin/mingw32-make.exe -f &quot;E:/My Documents/GitHub/lightpad/Makefile&quot;  VERBOSE=1 midiout"/>
					<CompileFile command="C:/MinGW/bin/mingw32-make.exe -f &quot;E:/My Documents/GitHub/lightpad/Makefile&quot;  VERBOSE=1 &quot;$file&quot;"/>
					<Clean command="C:/MinGW/bin/mingw32-make.exe -f &quot;E:/My Documents/GitHub/lightpad/Makefile&quot;  VERBOSE=1 clean"/>
					<DistClean command="C:/MinGW/bin/mingw32-make.exe -f &quot;E:/My Documents/GitHub/lightpad/Makefile&quot;  VERBOSE=1 clean"/>
				</MakeCommands>
			</Target>
			<Target title="midiout/fast">
				<Option output="E:/My Documents/GitHub/lightpad/bin/midiout.exe" prefix_auto="0" extension_auto="0"/>
				<Option working_dir="E:/My Documents/GitHub/lightpad/bin"/>
				<Option object_output="./"/>
				<Option type="1"/>
				<Option compiler="gcc"/>
				<Compiler>
					<Add option="-D__NO_INLINE__"/>
					<Add option="-DWXUSINGDLL"/>
					<Add option="-DUNICODE"/>
					<Add option="-D_UNICODE"/>
					<Add option="-DLIB_GRAPHICSMAGICK"/>
					<Add directory="E:/My Documents/GitHub/lightpad"/>
					<Add directory="E:/My Documents/GitHub/lightpad/include"/>
					<Add directory="C:/wxWidgets-3.1.0/lib/gcc_dll/mswu"/>
					<Add directory="C:/wxWidgets-3.1.0/include"/>
					<Add directory="E:/Program Files/GraphicsMagick-1.3.25-Q16"/>
					<Add directory="E:/Program Files/GraphicsMagick-1.3.25-Q16/Magick++/lib"/>
					<Add directory="E:/My Documents/GitHub/lightpad/include/rtmidi"/>
					<Add directory="E:/My Documents/GitHub/lightpad/include/midifile"/>
					<Add directory="c:\mingw\bin\../lib/gcc/mingw32/4.9.3/include"/>
					<Add directory="c:\mingw\bin\../lib/gcc/mingw32/4.9.3/../../../../include"/>
					<Add directory="c:\mingw\bin\../lib/gcc/mingw32/4.9.3/include-fixed"/>
					<Add directory="c:\mingw\bin\../lib/gcc/mingw32/4.9.3/../../../../mingw32/include"/>
					<Add directory="c:\mingw\bin\../lib/gcc/mingw32/4.9.3/include/c++"/>
					<Add directory="c:\mingw\bin\../lib/gcc/mingw32/4.9.3/include/c++/mingw32"/>
					<Add directory="c:\mingw\bin\../lib/gcc/mingw32/4.9.3/include/c++/backward"/>
				</Compiler>
				<MakeCommands>
					<Build command="C:/MinGW/bin/mingw32-make.exe -f &quot;E:/My Documents/GitHub/lightpad/Makefile&quot;  VERBOSE=1 midiout/fast"/>
					<CompileFile command="C:/MinGW/bin/mingw32-make.exe -f &quot;E:/My Documents/GitHub/lightpad/Makefile&quot;  VERBOSE=1 &quot;$file&quot;"/>
					<Clean command="C:/MinGW/bin/mingw32-make.exe -f &quot;E:/My Documents/GitHub/lightpad/Makefile&quot;  VERBOSE=1 clean"/>
					<DistClean command="C:/MinGW/bin/mingw32-make.exe -f &quot;E:/My Documents/GitHub/lightpad/Makefile&quot;  VERBOSE=1 clean"/>
				</MakeCommands>
			</Target>
			<Target title="midiprobe">
				<Option output="E:/My Documents/GitHub/lightpad/bin/midiprobe.exe" prefix_auto="0" extension_auto="0"/>
				<Option working_dir="E:/My Documents/GitHub/lightpad/bin"/>
				<Option object_output="./"/>
				<Option type="1"/>
				<Option compiler="gcc"/>
				<Compiler>
					<Add option="-D__NO_INLINE__"/>
					<Add option="-DWXUSINGDLL"/>
					<Add option="-DUNICODE"/>
					<Add option="-D_UNICODE"/>
					<Add option="-DLIB_GRAPHICSMAGICK"/>
					<Add directory="E:/My Documents/GitHub/lightpad"/>
					<Add directory="E:/My Documents/GitHub/lightpad/include"/>
					<Add directory="C:/wxWidgets-3.1.0/lib/gcc_dll/mswu"/>
					<Add directory="C:/wxWidgets-3.1.0/include"/>
					<Add directory="E:/Program Files/GraphicsMagick-1.3.25-Q16"/>
					<Add directory="E:/Program Files/GraphicsMagick-1.3.25-Q16/Magick++/lib"/>
					<Add directory="E:/My Documents/GitHub/lightpad/include/rtmidi"/>
					<Add directory="E:/My Documents/GitHub/lightpad/include/midifile"/>
					<Add directory="c:\mingw\bin\../lib/gcc/mingw32/4.9.3/include"/>
					<Add directory="c:\mingw\bin\../lib/gcc/mingw32/4.9.3/../../../../include"/>
					<Add directory="c:\mingw\bin\../lib/gcc/mingw32/4.9.3/include-fixed"/>
					<Add directory="c:\mingw\bin\../lib/gcc/mingw32/4.9.3/../../../../mingw32/include"/>
					<Add directory="c:\mingw\bin\../lib/gcc/mingw32/4.9.3/include/c++"/>
					<Add directory="c:\mingw\bin\../lib/gcc/mingw32/4.9.3/include/c++/mingw32"/>
					<Add directory="c:\mingw\bin\../lib/gcc/mingw32/4.9.3/include/c++/backward"/>
				</Compiler>
				<MakeCommands>
					<Build command="C:/MinGW/bin/mingw32-make.exe -f &quot;E:/My Documents/GitHub/lightpad/Makefile&quot;  VERBOSE=1 midiprobe"/>
					<CompileFile command="C:/MinGW/bin/mingw32-make.exe -f &quot;E:/My Documents/GitHub/lightpad/Makefile&quot;  VERBOSE=1 &quot;$file&quot;"/>
					<Clean command="C:/MinGW/bin/mingw32-make.exe -f &quot;E:/My Documents/GitHub/lightpad/Makefile&quot;  VERBOSE=1 clean"/>
					<DistClean command="C:/MinGW/bin/mingw32-make.exe -f &quot;E:/My Documents/GitHub/lightpad/Makefile&quot;  VERBOSE=1 clean"/>
				</MakeCommands>
			</Target>
			<Target title="midiprobe/fast">
				<Option output="E:/My Documents/GitHub/lightpad/bin/midiprobe.exe" prefix_auto="0" extension_auto="0"/>
				<Option working_dir="E:/My Documents/GitHub/lightpad/bin"/>
				<Option object_output="./"/>
				<Option type="1"/>
				<Option compiler="gcc"/>
				<Compiler>
					<Add option="-D__NO_INLINE__"/>
					<Add option="-DWXUSINGDLL"/>
					<Add option="-DUNICODE"/>
					<Add option="-D_UNICODE"/>
					<Add option="-DLIB_GRAPHICSMAGICK"/>
					<Add directory="E:/My Documents/GitHub/lightpad"/>
					<Add directory="E:/My Documents/GitHub/lightpad/include"/>
					<Add directory="C:/wxWidgets-3.1.0/lib/gcc_dll/mswu"/>
					<Add directory="C:/wxWidgets-3.1.0/include"/>
					<Add directory="E:/Program Files/GraphicsMagick-1.3.25-Q16"/>
					<Add directory="E:/Program Files/GraphicsMagick-1.3.25-Q16/Magick++/lib"/>
					<Add directory="E:/My Documents/GitHub/lightpad/include/rtmidi"/>
					<Add directory="E:/My Documents/GitHub/lightpad/include/midifile"/>
					<Add directory="c:\mingw\bin\../lib/gcc/mingw32/4.9.3/include"/>
					<Add directory="c:\mingw\bin\../lib/gcc/mingw32/4.9.3/../../../../include"/>
					<Add directory="c:\mingw\bin\../lib/gcc/mingw32/4.9.3/include-fixed"/>
					<Add directory="c:\mingw\bin\../lib/gcc/mingw32/4.9.3/../../../../mingw32/include"/>
					<Add directory="c:\mingw\bin\../lib/gcc/mingw32/4.9.3/include/c++"/>
					<Add directory="c:\mingw\bin\../lib/gcc/mingw32/4.9.3/include/c++/mingw32"/>
					<Add directory="c:\mingw\bin\../lib/gcc/mingw32/4.9.3/include/c++/backward"/>
				</Compiler>
				<MakeCommands>
					<Build command="C:/MinGW/bin/mingw32-make.exe -f &quot;E:/My Documents/GitHub/lightpad/Makefile&quot;  VERBOSE=1 midiprobe/fast"/>
					<CompileFile command="C:/MinGW/bin/mingw32-make.exe -f &quot;E:/My Documents/GitHub/lightpad/Makefile&quot;  VERBOSE=1 &quot;$file&quot;"/>
					<Clean command="C:/MinGW/bin/mingw32-make.exe -f &quot;E:/My Documents/GitHub/lightpad/Makefile&quot;  VERBOSE=1 clean"/>
					<DistClean command="C:/MinGW/bin/mingw32-make.exe -f &quot;E:/My Documents/GitHub/lightpad/Makefile&quot;  VERBOSE=1 clean"/>
				</MakeCommands>
			</Target>
			<Target title="GenerateNoteButtonMap">
				<Option output="E:/My Documents/GitHub/lightpad/bin/GenerateNoteButtonMap.exe" prefix_auto="0" extension_auto="0"/>
				<Option working_dir="E:/My Documents/GitHub/lightpad/bin"/>
				<Option object_output="./"/>
				<Option type="1"/>
				<Option compiler="gcc"/>
				<Compiler>
					<Add option="-D__NO_INLINE__"/>
					<Add option="-DWXUSINGDLL"/>
					<Add option="-DUNICODE"/>
					<Add option="-D_UNICODE"/>
					<Add option="-DLIB_GRAPHICSMAGICK"/>
					<Add directory="E:/My Documents/GitHub/lightpad"/>
					<Add directory="E:/My Documents/GitHub/lightpad/include"/>
					<Add directory="C:/wxWidgets-3.1.0/lib/gcc_dll/mswu"/>
					<Add directory="C:/wxWidgets-3.1.0/include"/>
					<Add directory="E:/Program Files/GraphicsMagick-1.3.25-Q16"/>
					<Add directory="E:/Program Files/GraphicsMagick-1.3.25-Q16/Magick++/lib"/>
					<Add directory="E:/My Documents/GitHub/lightpad/include/rtmidi"/>
					<Add directory="E:/My Documents/GitHub/lightpad/include/midifile"/>
					<Add directory="c:\mingw\bin\../lib/gcc/mingw32/4.9.3/include"/>
					<Add directory="c:\mingw\bin\../lib/gcc/mingw32/4.9.3/../../../../include"/>
					<Add directory="c:\mingw\bin\../lib/gcc/mingw32/4.9.3/include-fixed"/>
					<Add directory="c:\mingw\bin\../lib/gcc/mingw32/4.9.3/../../../../mingw32/include"/>
					<Add directory="c:\mingw\bin\../lib/gcc/mingw32/4.9.3/include/c++"/>
					<Add directory="c:\mingw\bin\../lib/gcc/mingw32/4.9.3/include/c++/mingw32"/>
					<Add directory="c:\mingw\bin\../lib/gcc/mingw32/4.9.3/include/c++/backward"/>
				</Compiler>
				<MakeCommands>
					<Build command="C:/MinGW/bin/mingw32-make.exe -f &quot;E:/My Documents/GitHub/lightpad/Makefile&quot;  VERBOSE=1 GenerateNoteButtonMap"/>
					<CompileFile command="C:/MinGW/bin/mingw32-make.exe -f &quot;E:/My Documents/GitHub/lightpad/Makefile&quot;  VERBOSE=1 &quot;$file&quot;"/>
					<Clean command="C:/MinGW/bin/mingw32-make.exe -f &quot;E:/My Documents/GitHub/lightpad/Makefile&quot;  VERBOSE=1 clean"/>
					<DistClean command="C:/MinGW/bin/mingw32-make.exe -f &quot;E:/My Documents/GitHub/lightpad/Makefile&quot;  VERBOSE=1 clean"/>
				</MakeCommands>
			</Target>
			<Target title="GenerateNoteButtonMap/fast">
				<Option output="E:/My Documents/GitHub/lightpad/bin/GenerateNoteButtonMap.exe" prefix_auto="0" extension_auto="0"/>
				<Option working_dir="E:/My Documents/GitHub/lightpad/bin"/>
				<Option object_output="./"/>
				<Option type="1"/>
				<Option compiler="gcc"/>
				<Compiler>
					<Add option="-D__NO_INLINE__"/>
					<Add option="-DWXUSINGDLL"/>
					<Add option="-DUNICODE"/>
					<Add option="-D_UNICODE"/>
					<Add option="-DLIB_GRAPHICSMAGICK"/>
					<Add directory="E:/My Documents/GitHub/lightpad"/>
					<Add directory="E:/My Documents/GitHub/lightpad/include"/>
					<Add directory="C:/wxWidgets-3.1.0/lib/gcc_dll/mswu"/>
					<Add directory="C:/wxWidgets-3.1.0/include"/>
					<Add directory="E:/Program Files/GraphicsMagick-1.3.25-Q16"/>
					<Add directory="E:/Program Files/GraphicsMagick-1.3.25-Q16/Magick++/lib"/>
					<Add directory="E:/My Documents/GitHub/lightpad/include/rtmidi"/>
					<Add directory="E:/My Documents/GitHub/lightpad/include/midifile"/>
					<Add directory="c:\mingw\bin\../lib/gcc/mingw32/4.9.3/include"/>
					<Add directory="c:\mingw\bin\../lib/gcc/mingw32/4.9.3/../../../../include"/>
					<Add directory="c:\mingw\bin\../lib/gcc/mingw32/4.9.3/include-fixed"/>
					<Add directory="c:\mingw\bin\../lib/gcc/mingw32/4.9.3/../../../../mingw32/include"/>
					<Add directory="c:\mingw\bin\../lib/gcc/mingw32/4.9.3/include/c++"/>
					<Add directory="c:\mingw\bin\../lib/gcc/mingw32/4.9.3/include/c++/mingw32"/>
					<Add directory="c:\mingw\bin\../lib/gcc/mingw32/4.9.3/include/c++/backward"/>
				</Compiler>
				<MakeCommands>
					<Build command="C:/MinGW/bin/mingw32-make.exe -f &quot;E:/My Documents/GitHub/lightpad/Makefile&quot;  VERBOSE=1 GenerateNoteButtonMap/fast"/>
					<CompileFile command="C:/MinGW/bin/mingw32-make.exe -f &quot;E:/My Documents/GitHub/lightpad/Makefile&quot;  VERBOSE=1 &quot;$file&quot;"/>
					<Clean command="C:/MinGW/bin/mingw32-make.exe -f &quot;E:/My Documents/GitHub/lightpad/Makefile&quot;  VERBOSE=1 clean"/>
					<DistClean command="C:/MinGW/bin/mingw32-make.exe -f &quot;E:/My Documents/GitHub/lightpad/Makefile&quot;  VERBOSE=1 clean"/>
				</MakeCommands>
			</Target>
			<Target title="edit_cache">
				<Option working_dir="E:/My Documents/GitHub/lightpad"/>
				<Option type="4"/>
				<MakeCommands>
					<Build command="C:/MinGW/bin/mingw32-make.exe -f &quot;E:/My Documents/GitHub/lightpad/Makefile&quot;  VERBOSE=1 edit_cache"/>
					<CompileFile command="C:/MinGW/bin/mingw32-make.exe -f &quot;E:/My Documents/GitHub/lightpad/Makefile&quot;  VERBOSE=1 &quot;$file&quot;"/>
					<Clean command="C:/MinGW/bin/mingw32-make.exe -f &quot;E:/My Documents/GitHub/lightpad/Makefile&quot;  VERBOSE=1 clean"/>
					<DistClean command="C:/MinGW/bin/mingw32-make.exe -f &quot;E:/My Documents/GitHub/lightpad/Makefile&quot;  VERBOSE=1 clean"/>
				</MakeCommands>
			</Target>
			<Target title="Colors">
				<Option working_dir="E:/My Documents/GitHub/lightpad"/>
				<Option type="4"/>
				<MakeCommands>
					<Build command="C:/MinGW/bin/mingw32-make.exe -f &quot;E:/My Documents/GitHub/lightpad/Makefile&quot;  VERBOSE=1 Colors"/>
					<CompileFile command="C:/MinGW/bin/mingw32-make.exe -f &quot;E:/My Documents/GitHub/lightpad/Makefile&quot;  VERBOSE=1 &quot;$file&quot;"/>
					<Clean command="C:/MinGW/bin/mingw32-make.exe -f &quot;E:/My Documents/GitHub/lightpad/Makefile&quot;  VERBOSE=1 clean"/>
					<DistClean command="C:/MinGW/bin/mingw32-make.exe -f &quot;E:/My Documents/GitHub/lightpad/Makefile&quot;  VERBOSE=1 clean"/>
				</MakeCommands>
			</Target>
			<Target title="rebuild_cache">
				<Option working_dir="E:/My Documents/GitHub/lightpad"/>
				<Option type="4"/>
				<MakeCommands>
					<Build command="C:/MinGW/bin/mingw32-make.exe -f &quot;E:/My Documents/GitHub/lightpad/Makefile&quot;  VERBOSE=1 rebuild_cache"/>
					<CompileFile command="C:/MinGW/bin/mingw32-make.exe -f &quot;E:/My Documents/GitHub/lightpad/Makefile&quot;  VERBOSE=1 &quot;$file&quot;"/>
					<Clean command="C:/MinGW/bin/mingw32-make.exe -f &quot;E:/My Documents/GitHub/lightpad/Makefile&quot;  VERBOSE=1 clean"/>
					<DistClean command="C:/MinGW/bin/mingw32-make.exe -f &quot;E:/My Documents/GitHub/lightpad/Makefile&quot;  VERBOSE=1 clean"/>
				</MakeCommands>
			</Target>
		</Build>
		<Unit filename="E:/My Documents/GitHub/lightpad/src/DisplayPanel.cpp">
			<Option target="lightpad"/>
		</Unit>
		<Unit filename="E:/My Documents/GitHub/lightpad/src/DisplayPanel.h">
			<Option target="lightpad"/>
		</Unit>
		<Unit filename="E:/My Documents/GitHub/lightpad/src/FilePanel.cpp">
			<Option target="lightpad"/>
		</Unit>
		<Unit filename="E:/My Documents/GitHub/lightpad/src/FilePanel.h">
			<Option target="lightpad"/>
		</Unit>
		<Unit filename="E:/My Documents/GitHub/lightpad/src/GenerateNoteButtonMap.cpp">
			<Option target="GenerateNoteButtonMap"/>
		</Unit>
		<Unit filename="E:/My Documents/GitHub/lightpad/src/GridRenderer.cpp">
			<Option target="lightpad"/>
		</Unit>
		<Unit filename="E:/My Documents/GitHub/lightpad/src/GridRenderer.h">
			<Option target="lightpad"/>
		</Unit>
		<Unit filename="E:/My Documents/GitHub/lightpad/src/Helpers.cpp">
			<Option target="lightpad"/>
			<Option target="midiout"/>
			<Option target="midiprobe"/>
		</Unit>
		<Unit filename="E:/My Documents/GitHub/lightpad/src/Helpers.h">
			<Option target="lightpad"/>
			<Option target="midiout"/>
			<Option target="midiprobe"/>
		</Unit>
		<Unit filename="E:/My Documents/GitHub/lightpad/src/PropertiesPanel.cpp">
			<Option target="lightpad"/>
		</Unit>
		<Unit filename="E:/My Documents/GitHub/lightpad/src/PropertiesPanel.h">
			<Option target="lightpad"/>
		</Unit>
		<Unit filename="E:/My Documents/GitHub/lightpad/src/TimelinePanel.cpp">
			<Option target="lightpad"/>
		</Unit>
		<Unit filename="E:/My Documents/GitHub/lightpad/src/TimelinePanel.h">
			<Option target="lightpad"/>
		</Unit>
		<Unit filename="E:/My Documents/GitHub/lightpad/src/main.cpp">
			<Option target="lightpad"/>
		</Unit>
		<Unit filename="E:/My Documents/GitHub/lightpad/src/midiout.cpp">
			<Option target="midiout"/>
		</Unit>
		<Unit filename="E:/My Documents/GitHub/lightpad/src/midiprobe.cpp">
			<Option target="midiprobe"/>
		</Unit>
		<Unit filename="E:/My Documents/GitHub/lightpad/CMakeLists.txt">
			<Option virtualFolder="CMake Files\"/>
		</Unit>
		<Unit filename="E:/My Documents/GitHub/lightpad/CMakeModules/FindGraphicsMagick.cmake">
			<Option virtualFolder="CMake Files\CMakeModules\"/>
		</Unit>
		<Unit filename="E:/My Documents/GitHub/lightpad/CMakeModules/FindLibMagic.cmake">
			<Option virtualFolder="CMake Files\CMakeModules\"/>
		</Unit>
	</Project>
</CodeBlocks_project_file>
