<?xml version="1.0" encoding="UTF-8" standalone="yes" ?>
<CodeBlocks_project_file>
	<FileVersion major="1" minor="6" />
	<Project>
		<Option title="rtmidilib" />
		<Option pch_mode="2" />
		<Option compiler="gcc" />
		<Build>
			<Target title="Debug Win32">
				<Option output="../lib/rtmidid" prefix_auto="1" extension_auto="1" />
				<Option working_dir="" />
				<Option object_output="Debug Win32" />
				<Option type="2" />
				<Option compiler="gcc" />
				<Option createDefFile="1" />
				<Compiler>
					<Add option="-D__WINDOWS_MM__" />
					<Add option="-W" />
					<Add option="-g" />
					<Add option="-O0" />
				</Compiler>
			</Target>
			<Target title="Release Win32">
				<Option output="../lib/rtmidi" prefix_auto="1" extension_auto="1" />
				<Option working_dir="" />
				<Option object_output="Release Win32" />
				<Option type="2" />
				<Option compiler="gcc" />
				<Option createDefFile="1" />
				<Compiler>
					<Add option="-D__WINDOWS_MM__" />
					<Add option="-W" />
					<Add option="-O2" />
				</Compiler>
			</Target>
		</Build>
		<Unit filename="../RtError.h" />
		<Unit filename="../RtMidi.cpp" />
		<Unit filename="../RtMidi.h" />
		<Unit filename="../rtmidi_c.cpp" />
		<Unit filename="../rtmidi_c.h" />
		<Extensions>
			<code_completion />
			<envvars />
			<debugger />
		</Extensions>
	</Project>
</CodeBlocks_project_file>
